Microsoft Visual Studio Solution File, Format Version 12.00
# Visual Studio Version 16
VisualStudioVersion = 16.0.0.0
MinimumVisualStudioVersion = 16.0.0.0
Project("{9A19103F-16F7-4668-BE54-9A1E7A4F7556}") = "VersaControl.Server", "Server\VersaControl.Server.csproj", "{FB17D5C0-753C-42E0-A9E7-FD9D6608CC74}"
EndProject
Project("{9A19103F-16F7-4668-BE54-9A1E7A4F7556}") = "VersaControl.Client", "Client\VersaControl.Client.csproj", "{31DFA031-0C37-439C-88BF-C0D2B32F8BC6}"
EndProject
Global
	GlobalSection(SolutionConfigurationPlatforms) = preSolution
		Debug|Any CPU = Debug|Any CPU
		Debug|x64 = Debug|x64
		Debug|x86 = Debug|x86
		Release|Any CPU = Release|Any CPU
		Release|x64 = Release|x64
		Release|x86 = Release|x86
	EndGlobalSection
	GlobalSection(ProjectConfigurationPlatforms) = postSolution
		{31DFA031-0C37-439C-88BF-C0D2B32F8BC6}.Debug|Any CPU.ActiveCfg = Debug|Any CPU
		{31DFA031-0C37-439C-88BF-C0D2B32F8BC6}.Debug|Any CPU.Build.0 = Debug|Any CPU
		{31DFA031-0C37-439C-88BF-C0D2B32F8BC6}.Debug|x64.ActiveCfg = Debug|Any CPU
		{31DFA031-0C37-439C-88BF-C0D2B32F8BC6}.Debug|x64.Build.0 = Debug|Any CPU
		{31DFA031-0C37-439C-88BF-C0D2B32F8BC6}.Debug|x86.ActiveCfg = Debug|Any CPU
		{31DFA031-0C37-439C-88BF-C0D2B32F8BC6}.Debug|x86.Build.0 = Debug|Any CPU
		{31DFA031-0C37-439C-88BF-C0D2B32F8BC6}.Release|Any CPU.ActiveCfg = Release|Any CPU
		{31DFA031-0C37-439C-88BF-C0D2B32F8BC6}.Release|Any CPU.Build.0 = Release|Any CPU
		{31DFA031-0C37-439C-88BF-C0D2B32F8BC6}.Release|x64.ActiveCfg = Release|Any CPU
		{31DFA031-0C37-439C-88BF-C0D2B32F8BC6}.Release|x64.Build.0 = Release|Any CPU
		{31DFA031-0C37-439C-88BF-C0D2B32F8BC6}.Release|x86.ActiveCfg = Release|Any CPU
		{31DFA031-0C37-439C-88BF-C0D2B32F8BC6}.Release|x86.Build.0 = Release|Any CPU
		{FB17D5C0-753C-42E0-A9E7-FD9D6608CC74}.Debug|Any CPU.ActiveCfg = Debug|Any CPU
		{FB17D5C0-753C-42E0-A9E7-FD9D6608CC74}.Debug|Any CPU.Build.0 = Debug|Any CPU
		{FB17D5C0-753C-42E0-A9E7-FD9D6608CC74}.Debug|x64.ActiveCfg = Debug|Any CPU
		{FB17D5C0-753C-42E0-A9E7-FD9D6608CC74}.Debug|x64.Build.0 = Debug|Any CPU
		{FB17D5C0-753C-42E0-A9E7-FD9D6608CC74}.Debug|x86.ActiveCfg = Debug|Any CPU
		{FB17D5C0-753C-42E0-A9E7-FD9D6608CC74}.Debug|x86.Build.0 = Debug|Any CPU
		{FB17D5C0-753C-42E0-A9E7-FD9D6608CC74}.Release|Any CPU.ActiveCfg = Release|Any CPU
		{FB17D5C0-753C-42E0-A9E7-FD9D6608CC74}.Release|Any CPU.Build.0 = Release|Any CPU
		{FB17D5C0-753C-42E0-A9E7-FD9D6608CC74}.Release|x64.ActiveCfg = Release|Any CPU
		{FB17D5C0-753C-42E0-A9E7-FD9D6608CC74}.Release|x64.Build.0 = Release|Any CPU
		{FB17D5C0-753C-42E0-A9E7-FD9D6608CC74}.Release|x86.ActiveCfg = Release|Any CPU
		{FB17D5C0-753C-42E0-A9E7-FD9D6608CC74}.Release|x86.Build.0 = Release|Any CPU
	EndGlobalSection
	GlobalSection(SolutionProperties) = preSolution
		HideSolutionNode = FALSE
	EndGlobalSection
	GlobalSection(ExtensibilityGlobals) = postSolution
		SolutionGuid = {16038A1B-2676-4D3D-BE5D-2A3C49102905}
	EndGlobalSection
EndGlobal